
Microsoft Visual Studio Solution File, Format Version 12.00
# Visual Studio Version 16
VisualStudioVersion = 16.0.32630.194
MinimumVisualStudioVersion = 10.0.40219.1
Project("{FAE04EC0-301F-11D3-BF4B-00C04F79EFBC}") = "ProductServices", "ProductServices\ProductServices.csproj", "{84334833-C30A-4DE7-9F40-3B2A3A65FD4C}"
EndProject
Project("{FAE04EC0-301F-11D3-BF4B-00C04F79EFBC}") = "CustomerServices", "CustomerServices\CustomerServices.csproj", "{4876B1E9-0A7B-495D-9066-053189B276FB}"
EndProject
Project("{FAE04EC0-301F-11D3-BF4B-00C04F79EFBC}") = "ShoppingAPIGateway", "ShoppingAPIGateway\ShoppingAPIGateway.csproj", "{7F04DCA9-8C61-43D7-9025-E0D3DF314B96}"
EndProject
Global
	GlobalSection(SolutionConfigurationPlatforms) = preSolution
		Debug|Any CPU = Debug|Any CPU
		Release|Any CPU = Release|Any CPU
	EndGlobalSection
	GlobalSection(ProjectConfigurationPlatforms) = postSolution
		{84334833-C30A-4DE7-9F40-3B2A3A65FD4C}.Debug|Any CPU.ActiveCfg = Debug|Any CPU
		{84334833-C30A-4DE7-9F40-3B2A3A65FD4C}.Debug|Any CPU.Build.0 = Debug|Any CPU
		{84334833-C30A-4DE7-9F40-3B2A3A65FD4C}.Release|Any CPU.ActiveCfg = Release|Any CPU
		{84334833-C30A-4DE7-9F40-3B2A3A65FD4C}.Release|Any CPU.Build.0 = Release|Any CPU
		{4876B1E9-0A7B-495D-9066-053189B276FB}.Debug|Any CPU.ActiveCfg = Debug|Any CPU
		{4876B1E9-0A7B-495D-9066-053189B276FB}.Debug|Any CPU.Build.0 = Debug|Any CPU
		{4876B1E9-0A7B-495D-9066-053189B276FB}.Release|Any CPU.ActiveCfg = Release|Any CPU
		{4876B1E9-0A7B-495D-9066-053189B276FB}.Release|Any CPU.Build.0 = Release|Any CPU
		{7F04DCA9-8C61-43D7-9025-E0D3DF314B96}.Debug|Any CPU.ActiveCfg = Debug|Any CPU
		{7F04DCA9-8C61-43D7-9025-E0D3DF314B96}.Debug|Any CPU.Build.0 = Debug|Any CPU
		{7F04DCA9-8C61-43D7-9025-E0D3DF314B96}.Release|Any CPU.ActiveCfg = Release|Any CPU
		{7F04DCA9-8C61-43D7-9025-E0D3DF314B96}.Release|Any CPU.Build.0 = Release|Any CPU
	EndGlobalSection
	GlobalSection(SolutionProperties) = preSolution
		HideSolutionNode = FALSE
	EndGlobalSection
	GlobalSection(ExtensibilityGlobals) = postSolution
		SolutionGuid = {CD2A7412-01B4-4962-AF63-C2B937595AD5}
	EndGlobalSection
EndGlobal
